
Microsoft Visual Studio Solution File, Format Version 12.00
# Visual Studio Version 17
VisualStudioVersion = 17.10.34902.84
MinimumVisualStudioVersion = 10.0.40219.1
Project("{FAE04EC0-301F-11D3-BF4B-00C04F79EFBC}") = "LabProniaTask.MVC", "LabProniaTask.MVC\LabProniaTask.MVC.csproj", "{70ABECC4-6DC1-4375-9397-236F741B4634}"
EndProject
Global
	GlobalSection(SolutionConfigurationPlatforms) = preSolution
		Debug|Any CPU = Debug|Any CPU
		Release|Any CPU = Release|Any CPU
	EndGlobalSection
	GlobalSection(ProjectConfigurationPlatforms) = postSolution
		{70ABECC4-6DC1-4375-9397-236F741B4634}.Debug|Any CPU.ActiveCfg = Debug|Any CPU
		{70ABECC4-6DC1-4375-9397-236F741B4634}.Debug|Any CPU.Build.0 = Debug|Any CPU
		{70ABECC4-6DC1-4375-9397-236F741B4634}.Release|Any CPU.ActiveCfg = Release|Any CPU
		{70ABECC4-6DC1-4375-9397-236F741B4634}.Release|Any CPU.Build.0 = Release|Any CPU
	EndGlobalSection
	GlobalSection(SolutionProperties) = preSolution
		HideSolutionNode = FALSE
	EndGlobalSection
	GlobalSection(ExtensibilityGlobals) = postSolution
		SolutionGuid = {D1084CAF-52AF-420E-B857-45F9B6113E3E}
	EndGlobalSection
EndGlobal
